
Microsoft Visual Studio Solution File, Format Version 12.00
# Visual Studio Version 16
VisualStudioVersion = 16.0.29326.143
MinimumVisualStudioVersion = 10.0.40219.1
Project("{FAE04EC0-301F-11D3-BF4B-00C04F79EFBC}") = "SimpleCRUD", "SimpleCRUD\SimpleCRUD.csproj", "{7B69AD2F-0C10-4320-876E-497BF185E94C}"
EndProject
Global
	GlobalSection(SolutionConfigurationPlatforms) = preSolution
		Debug|Any CPU = Debug|Any CPU
		Release|Any CPU = Release|Any CPU
	EndGlobalSection
	GlobalSection(ProjectConfigurationPlatforms) = postSolution
		{7B69AD2F-0C10-4320-876E-497BF185E94C}.Debug|Any CPU.ActiveCfg = Debug|Any CPU
		{7B69AD2F-0C10-4320-876E-497BF185E94C}.Debug|Any CPU.Build.0 = Debug|Any CPU
		{7B69AD2F-0C10-4320-876E-497BF185E94C}.Release|Any CPU.ActiveCfg = Release|Any CPU
		{7B69AD2F-0C10-4320-876E-497BF185E94C}.Release|Any CPU.Build.0 = Release|Any CPU
	EndGlobalSection
	GlobalSection(SolutionProperties) = preSolution
		HideSolutionNode = FALSE
	EndGlobalSection
	GlobalSection(ExtensibilityGlobals) = postSolution
		SolutionGuid = {E787DFEF-EB63-4DEC-A97F-50B86518E4B2}
	EndGlobalSection
EndGlobal
